
Microsoft Visual Studio Solution File, Format Version 12.00
# Visual Studio Version 16
VisualStudioVersion = 16.0.31105.61
MinimumVisualStudioVersion = 10.0.40219.1
Project("{FAE04EC0-301F-11D3-BF4B-00C04F79EFBC}") = "Assignment02", "Assignment02.csproj", "{0E1948C1-901E-49D5-AA18-C27318F8EE16}"
EndProject
Global
	GlobalSection(SolutionConfigurationPlatforms) = preSolution
		Debug|Any CPU = Debug|Any CPU
		Release|Any CPU = Release|Any CPU
	EndGlobalSection
	GlobalSection(ProjectConfigurationPlatforms) = postSolution
		{0E1948C1-901E-49D5-AA18-C27318F8EE16}.Debug|Any CPU.ActiveCfg = Debug|Any CPU
		{0E1948C1-901E-49D5-AA18-C27318F8EE16}.Debug|Any CPU.Build.0 = Debug|Any CPU
		{0E1948C1-901E-49D5-AA18-C27318F8EE16}.Release|Any CPU.ActiveCfg = Release|Any CPU
		{0E1948C1-901E-49D5-AA18-C27318F8EE16}.Release|Any CPU.Build.0 = Release|Any CPU
	EndGlobalSection
	GlobalSection(SolutionProperties) = preSolution
		HideSolutionNode = FALSE
	EndGlobalSection
	GlobalSection(ExtensibilityGlobals) = postSolution
		SolutionGuid = {C1818916-FD74-4DF9-A77A-9B353CE755F5}
	EndGlobalSection
EndGlobal
